
Microsoft Visual Studio Solution File, Format Version 12.00
# Visual Studio Version 17
VisualStudioVersion = 17.7.34003.232
MinimumVisualStudioVersion = 10.0.40219.1
Project("{FAE04EC0-301F-11D3-BF4B-00C04F79EFBC}") = "SeaOfStarsSpriteExtractor", "SeaOfStarsSpriteExtractor\SeaOfStarsSpriteExtractor.csproj", "{659303DB-56CD-41C8-84C0-5D050B88B97C}"
EndProject
Global
	GlobalSection(SolutionConfigurationPlatforms) = preSolution
		Debug|Any CPU = Debug|Any CPU
		Release|Any CPU = Release|Any CPU
	EndGlobalSection
	GlobalSection(ProjectConfigurationPlatforms) = postSolution
		{659303DB-56CD-41C8-84C0-5D050B88B97C}.Debug|Any CPU.ActiveCfg = Debug|Any CPU
		{659303DB-56CD-41C8-84C0-5D050B88B97C}.Debug|Any CPU.Build.0 = Debug|Any CPU
		{659303DB-56CD-41C8-84C0-5D050B88B97C}.Release|Any CPU.ActiveCfg = Release|Any CPU
		{659303DB-56CD-41C8-84C0-5D050B88B97C}.Release|Any CPU.Build.0 = Release|Any CPU
	EndGlobalSection
	GlobalSection(SolutionProperties) = preSolution
		HideSolutionNode = FALSE
	EndGlobalSection
	GlobalSection(ExtensibilityGlobals) = postSolution
		SolutionGuid = {E58CD0F0-FE77-4CC8-A406-0540CF2CB96E}
	EndGlobalSection
EndGlobal
